
Microsoft Visual Studio Solution File, Format Version 12.00
# Visual Studio Version 16
VisualStudioVersion = 16.0.31410.357
MinimumVisualStudioVersion = 10.0.40219.1
Project("{FAE04EC0-301F-11D3-BF4B-00C04F79EFBC}") = "SimpleApp.API", "SimpleApp.API\SimpleApp.API.csproj", "{00BEC95C-026E-4CC7-8BE8-A62FB4C61ECE}"
EndProject
Project("{FAE04EC0-301F-11D3-BF4B-00C04F79EFBC}") = "SimpleApp.Data", "SimpleApp.Data\SimpleApp.Data.csproj", "{0532E214-B057-4D08-AB0F-C8D644FF6A10}"
EndProject
Global
	GlobalSection(SolutionConfigurationPlatforms) = preSolution
		Debug|Any CPU = Debug|Any CPU
		Release|Any CPU = Release|Any CPU
	EndGlobalSection
	GlobalSection(ProjectConfigurationPlatforms) = postSolution
		{00BEC95C-026E-4CC7-8BE8-A62FB4C61ECE}.Debug|Any CPU.ActiveCfg = Debug|Any CPU
		{00BEC95C-026E-4CC7-8BE8-A62FB4C61ECE}.Debug|Any CPU.Build.0 = Debug|Any CPU
		{00BEC95C-026E-4CC7-8BE8-A62FB4C61ECE}.Release|Any CPU.ActiveCfg = Release|Any CPU
		{00BEC95C-026E-4CC7-8BE8-A62FB4C61ECE}.Release|Any CPU.Build.0 = Release|Any CPU
		{0532E214-B057-4D08-AB0F-C8D644FF6A10}.Debug|Any CPU.ActiveCfg = Debug|Any CPU
		{0532E214-B057-4D08-AB0F-C8D644FF6A10}.Debug|Any CPU.Build.0 = Debug|Any CPU
		{0532E214-B057-4D08-AB0F-C8D644FF6A10}.Release|Any CPU.ActiveCfg = Release|Any CPU
		{0532E214-B057-4D08-AB0F-C8D644FF6A10}.Release|Any CPU.Build.0 = Release|Any CPU
	EndGlobalSection
	GlobalSection(SolutionProperties) = preSolution
		HideSolutionNode = FALSE
	EndGlobalSection
	GlobalSection(ExtensibilityGlobals) = postSolution
		SolutionGuid = {C9CECE1B-823F-4131-A3D8-BCC08769CD70}
	EndGlobalSection
EndGlobal
